// !$*UTF8*$!
{
	archiveVersion = 1;
	classes = {
	};
	objectVersion = 46;
	objects = {

/* Begin PBXBuildFile section */
		0A41A896160B81490082606D /* JSONKit.m in Sources */ = {isa = PBXBuildFile; fileRef = 0A41A895160B81490082606D /* JSONKit.m */; settings = {COMPILER_FLAGS = "-fno-objc-arc"; }; };
		0A6F8630156E3F88007F2FC6 /* UIKit.framework in Frameworks */ = {isa = PBXBuildFile; fileRef = 0A6F862F156E3F88007F2FC6 /* UIKit.framework */; };
		0A6F8632156E3F88007F2FC6 /* Foundation.framework in Frameworks */ = {isa = PBXBuildFile; fileRef = 0A6F8631156E3F88007F2FC6 /* Foundation.framework */; };
		0A6F8634156E3F88007F2FC6 /* CoreGraphics.framework in Frameworks */ = {isa = PBXBuildFile; fileRef = 0A6F8633156E3F88007F2FC6 /* CoreGraphics.framework */; };
		0A6F863A156E3F88007F2FC6 /* InfoPlist.strings in Resources */ = {isa = PBXBuildFile; fileRef = 0A6F8638156E3F88007F2FC6 /* InfoPlist.strings */; };
		0A6F863C156E3F88007F2FC6 /* main.m in Sources */ = {isa = PBXBuildFile; fileRef = 0A6F863B156E3F88007F2FC6 /* main.m */; };
		0A6F8640156E3F88007F2FC6 /* AppDelegate.m in Sources */ = {isa = PBXBuildFile; fileRef = 0A6F863F156E3F88007F2FC6 /* AppDelegate.m */; };
		0A6F8643156E3F88007F2FC6 /* MainStoryboard.storyboard in Resources */ = {isa = PBXBuildFile; fileRef = 0A6F8641156E3F88007F2FC6 /* MainStoryboard.storyboard */; };
		0A6F8646156E3F88007F2FC6 /* ViewController.m in Sources */ = {isa = PBXBuildFile; fileRef = 0A6F8645156E3F88007F2FC6 /* ViewController.m */; };
		0A6F864E156E3FC1007F2FC6 /* Config.m in Sources */ = {isa = PBXBuildFile; fileRef = 0A6F864D156E3FC1007F2FC6 /* Config.m */; };
		0A6F865A156E3FDA007F2FC6 /* GVBaseRemoteConfig.m in Sources */ = {isa = PBXBuildFile; fileRef = 0A6F8651156E3FDA007F2FC6 /* GVBaseRemoteConfig.m */; };
		0A6F865B156E3FDA007F2FC6 /* GVJSONRemoteConfig.m in Sources */ = {isa = PBXBuildFile; fileRef = 0A6F8653156E3FDA007F2FC6 /* GVJSONRemoteConfig.m */; };
		0A6F865C156E3FDA007F2FC6 /* GVJSONUtilities.m in Sources */ = {isa = PBXBuildFile; fileRef = 0A6F8655156E3FDA007F2FC6 /* GVJSONUtilities.m */; };
		0A6F865D156E3FDA007F2FC6 /* GVXMLReader.m in Sources */ = {isa = PBXBuildFile; fileRef = 0A6F8657156E3FDA007F2FC6 /* GVXMLReader.m */; };
		0A6F865E156E3FDA007F2FC6 /* GVXMLRemoteConfig.m in Sources */ = {isa = PBXBuildFile; fileRef = 0A6F8659156E3FDA007F2FC6 /* GVXMLRemoteConfig.m */; };
		0A7E5EF6161CD96A006AB45D /* Default-568h@2x.png in Resources */ = {isa = PBXBuildFile; fileRef = 0A7E5EF5161CD96A006AB45D /* Default-568h@2x.png */; };
		0AB06E3B161DF7E200149057 /* Icon.png in Resources */ = {isa = PBXBuildFile; fileRef = 0AB06E39161DF7E200149057 /* Icon.png */; };
		0AB06E3C161DF7E200149057 /* Icon@2x.png in Resources */ = {isa = PBXBuildFile; fileRef = 0AB06E3A161DF7E200149057 /* Icon@2x.png */; };
		0AC05DB51613124800D49E39 /* CHANGELOG in Resources */ = {isa = PBXBuildFile; fileRef = 0AC05DB41613124800D49E39 /* CHANGELOG */; };
/* End PBXBuildFile section */

/* Begin PBXFileReference section */
		0A41A894160B81490082606D /* JSONKit.h */ = {isa = PBXFileReference; fileEncoding = 4; lastKnownFileType = sourcecode.c.h; path = JSONKit.h; sourceTree = "<group>"; };
		0A41A895160B81490082606D /* JSONKit.m */ = {isa = PBXFileReference; fileEncoding = 4; lastKnownFileType = sourcecode.c.objc; path = JSONKit.m; sourceTree = "<group>"; };
		0A6F862B156E3F88007F2FC6 /* RemoteConfig.app */ = {isa = PBXFileReference; explicitFileType = wrapper.application; includeInIndex = 0; name = RemoteConfig.app; path = "RemoteConfig Example.app"; sourceTree = BUILT_PRODUCTS_DIR; };
		0A6F862F156E3F88007F2FC6 /* UIKit.framework */ = {isa = PBXFileReference; lastKnownFileType = wrapper.framework; name = UIKit.framework; path = System/Library/Frameworks/UIKit.framework; sourceTree = SDKROOT; };
		0A6F8631156E3F88007F2FC6 /* Foundation.framework */ = {isa = PBXFileReference; lastKnownFileType = wrapper.framework; name = Foundation.framework; path = System/Library/Frameworks/Foundation.framework; sourceTree = SDKROOT; };
		0A6F8633156E3F88007F2FC6 /* CoreGraphics.framework */ = {isa = PBXFileReference; lastKnownFileType = wrapper.framework; name = CoreGraphics.framework; path = System/Library/Frameworks/CoreGraphics.framework; sourceTree = SDKROOT; };
		0A6F8637156E3F88007F2FC6 /* RemoteConfig-Info.plist */ = {isa = PBXFileReference; lastKnownFileType = text.plist.xml; path = "RemoteConfig-Info.plist"; sourceTree = "<group>"; };
		0A6F8639156E3F88007F2FC6 /* en */ = {isa = PBXFileReference; lastKnownFileType = text.plist.strings; name = en; path = en.lproj/InfoPlist.strings; sourceTree = "<group>"; };
		0A6F863B156E3F88007F2FC6 /* main.m */ = {isa = PBXFileReference; lastKnownFileType = sourcecode.c.objc; path = main.m; sourceTree = "<group>"; };
		0A6F863D156E3F88007F2FC6 /* RemoteConfig-Prefix.pch */ = {isa = PBXFileReference; lastKnownFileType = sourcecode.c.h; path = "RemoteConfig-Prefix.pch"; sourceTree = "<group>"; };
		0A6F863E156E3F88007F2FC6 /* AppDelegate.h */ = {isa = PBXFileReference; lastKnownFileType = sourcecode.c.h; path = AppDelegate.h; sourceTree = "<group>"; };
		0A6F863F156E3F88007F2FC6 /* AppDelegate.m */ = {isa = PBXFileReference; lastKnownFileType = sourcecode.c.objc; path = AppDelegate.m; sourceTree = "<group>"; };
		0A6F8642156E3F88007F2FC6 /* en */ = {isa = PBXFileReference; lastKnownFileType = file.storyboard; name = en; path = en.lproj/MainStoryboard.storyboard; sourceTree = "<group>"; };
		0A6F8644156E3F88007F2FC6 /* ViewController.h */ = {isa = PBXFileReference; lastKnownFileType = sourcecode.c.h; path = ViewController.h; sourceTree = "<group>"; };
		0A6F8645156E3F88007F2FC6 /* ViewController.m */ = {isa = PBXFileReference; lastKnownFileType = sourcecode.c.objc; path = ViewController.m; sourceTree = "<group>"; };
		0A6F864C156E3FC1007F2FC6 /* Config.h */ = {isa = PBXFileReference; fileEncoding = 4; lastKnownFileType = sourcecode.c.h; path = Config.h; sourceTree = "<group>"; };
		0A6F864D156E3FC1007F2FC6 /* Config.m */ = {isa = PBXFileReference; fileEncoding = 4; lastKnownFileType = sourcecode.c.objc; path = Config.m; sourceTree = "<group>"; };
		0A6F8650156E3FDA007F2FC6 /* GVBaseRemoteConfig.h */ = {isa = PBXFileReference; fileEncoding = 4; lastKnownFileType = sourcecode.c.h; path = GVBaseRemoteConfig.h; sourceTree = "<group>"; };
		0A6F8651156E3FDA007F2FC6 /* GVBaseRemoteConfig.m */ = {isa = PBXFileReference; fileEncoding = 4; lastKnownFileType = sourcecode.c.objc; path = GVBaseRemoteConfig.m; sourceTree = "<group>"; };
		0A6F8652156E3FDA007F2FC6 /* GVJSONRemoteConfig.h */ = {isa = PBXFileReference; fileEncoding = 4; lastKnownFileType = sourcecode.c.h; path = GVJSONRemoteConfig.h; sourceTree = "<group>"; };
		0A6F8653156E3FDA007F2FC6 /* GVJSONRemoteConfig.m */ = {isa = PBXFileReference; fileEncoding = 4; lastKnownFileType = sourcecode.c.objc; path = GVJSONRemoteConfig.m; sourceTree = "<group>"; };
		0A6F8654156E3FDA007F2FC6 /* GVJSONUtilities.h */ = {isa = PBXFileReference; fileEncoding = 4; lastKnownFileType = sourcecode.c.h; path = GVJSONUtilities.h; sourceTree = "<group>"; };
		0A6F8655156E3FDA007F2FC6 /* GVJSONUtilities.m */ = {isa = PBXFileReference; fileEncoding = 4; lastKnownFileType = sourcecode.c.objc; path = GVJSONUtilities.m; sourceTree = "<group>"; };
		0A6F8656156E3FDA007F2FC6 /* GVXMLReader.h */ = {isa = PBXFileReference; fileEncoding = 4; lastKnownFileType = sourcecode.c.h; path = GVXMLReader.h; sourceTree = "<group>"; };
		0A6F8657156E3FDA007F2FC6 /* GVXMLReader.m */ = {isa = PBXFileReference; fileEncoding = 4; lastKnownFileType = sourcecode.c.objc; path = GVXMLReader.m; sourceTree = "<group>"; };
		0A6F8658156E3FDA007F2FC6 /* GVXMLRemoteConfig.h */ = {isa = PBXFileReference; fileEncoding = 4; lastKnownFileType = sourcecode.c.h; path = GVXMLRemoteConfig.h; sourceTree = "<group>"; };
		0A6F8659156E3FDA007F2FC6 /* GVXMLRemoteConfig.m */ = {isa = PBXFileReference; fileEncoding = 4; lastKnownFileType = sourcecode.c.objc; path = GVXMLRemoteConfig.m; sourceTree = "<group>"; };
		0A6F865F156E40FC007F2FC6 /* AUTHORS */ = {isa = PBXFileReference; lastKnownFileType = text; path = AUTHORS; sourceTree = "<group>"; };
		0A6F8660156E40FC007F2FC6 /* LICENSE */ = {isa = PBXFileReference; lastKnownFileType = text; path = LICENSE; sourceTree = "<group>"; };
		0A6F8661156E40FC007F2FC6 /* README.md */ = {isa = PBXFileReference; lastKnownFileType = text; path = README.md; sourceTree = "<group>"; };
		0A7E5EF5161CD96A006AB45D /* Default-568h@2x.png */ = {isa = PBXFileReference; lastKnownFileType = image.png; path = "Default-568h@2x.png"; sourceTree = "<group>"; };
		0AB06E39161DF7E200149057 /* Icon.png */ = {isa = PBXFileReference; lastKnownFileType = image.png; path = Icon.png; sourceTree = "<group>"; };
		0AB06E3A161DF7E200149057 /* Icon@2x.png */ = {isa = PBXFileReference; lastKnownFileType = image.png; path = "Icon@2x.png"; sourceTree = "<group>"; };
		0AC05DB41613124800D49E39 /* CHANGELOG */ = {isa = PBXFileReference; fileEncoding = 4; lastKnownFileType = text; path = CHANGELOG; sourceTree = "<group>"; };
/* End PBXFileReference section */

/* Begin PBXFrameworksBuildPhase section */
		0A6F8628156E3F88007F2FC6 /* Frameworks */ = {
			isa = PBXFrameworksBuildPhase;
			buildActionMask = 2147483647;
			files = (
				0A6F8630156E3F88007F2FC6 /* UIKit.framework in Frameworks */,
				0A6F8632156E3F88007F2FC6 /* Foundation.framework in Frameworks */,
				0A6F8634156E3F88007F2FC6 /* CoreGraphics.framework in Frameworks */,
			);
			runOnlyForDeploymentPostprocessing = 0;
		};
/* End PBXFrameworksBuildPhase section */

/* Begin PBXGroup section */
		0A6F8620156E3F88007F2FC6 = {
			isa = PBXGroup;
			children = (
				0A6F864F156E3FDA007F2FC6 /* RemoteConfig */,
				0A6F8635156E3F88007F2FC6 /* Example */,
				0A6F862E156E3F88007F2FC6 /* Frameworks */,
				0A6F862C156E3F88007F2FC6 /* Products */,
				0A6F865F156E40FC007F2FC6 /* AUTHORS */,
				0A6F8660156E40FC007F2FC6 /* LICENSE */,
				0AC05DB41613124800D49E39 /* CHANGELOG */,
				0A6F8661156E40FC007F2FC6 /* README.md */,
			);
			sourceTree = "<group>";
		};
		0A6F862C156E3F88007F2FC6 /* Products */ = {
			isa = PBXGroup;
			children = (
				0A6F862B156E3F88007F2FC6 /* RemoteConfig.app */,
			);
			name = Products;
			sourceTree = "<group>";
		};
		0A6F862E156E3F88007F2FC6 /* Frameworks */ = {
			isa = PBXGroup;
			children = (
				0A6F862F156E3F88007F2FC6 /* UIKit.framework */,
				0A6F8631156E3F88007F2FC6 /* Foundation.framework */,
				0A6F8633156E3F88007F2FC6 /* CoreGraphics.framework */,
			);
			name = Frameworks;
			sourceTree = "<group>";
		};
		0A6F8635156E3F88007F2FC6 /* Example */ = {
			isa = PBXGroup;
			children = (
				0A6F863E156E3F88007F2FC6 /* AppDelegate.h */,
				0A6F863F156E3F88007F2FC6 /* AppDelegate.m */,
				0A6F8641156E3F88007F2FC6 /* MainStoryboard.storyboard */,
				0A6F8644156E3F88007F2FC6 /* ViewController.h */,
				0A6F8645156E3F88007F2FC6 /* ViewController.m */,
				0A6F864C156E3FC1007F2FC6 /* Config.h */,
				0A6F864D156E3FC1007F2FC6 /* Config.m */,
				0A41A894160B81490082606D /* JSONKit.h */,
				0A41A895160B81490082606D /* JSONKit.m */,
				0A6F8636156E3F88007F2FC6 /* Supporting Files */,
			);
			path = Example;
			sourceTree = "<group>";
		};
		0A6F8636156E3F88007F2FC6 /* Supporting Files */ = {
			isa = PBXGroup;
			children = (
				0AB06E39161DF7E200149057 /* Icon.png */,
				0AB06E3A161DF7E200149057 /* Icon@2x.png */,
				0A7E5EF5161CD96A006AB45D /* Default-568h@2x.png */,
				0A6F8637156E3F88007F2FC6 /* RemoteConfig-Info.plist */,
				0A6F8638156E3F88007F2FC6 /* InfoPlist.strings */,
				0A6F863B156E3F88007F2FC6 /* main.m */,
				0A6F863D156E3F88007F2FC6 /* RemoteConfig-Prefix.pch */,
			);
			name = "Supporting Files";
			sourceTree = "<group>";
		};
		0A6F864F156E3FDA007F2FC6 /* RemoteConfig */ = {
			isa = PBXGroup;
			children = (
				0A6F86EA156E4E85007F2FC6 /* Utilities */,
				0A6F8650156E3FDA007F2FC6 /* GVBaseRemoteConfig.h */,
				0A6F8651156E3FDA007F2FC6 /* GVBaseRemoteConfig.m */,
				0A6F8652156E3FDA007F2FC6 /* GVJSONRemoteConfig.h */,
				0A6F8653156E3FDA007F2FC6 /* GVJSONRemoteConfig.m */,
				0A6F8658156E3FDA007F2FC6 /* GVXMLRemoteConfig.h */,
				0A6F8659156E3FDA007F2FC6 /* GVXMLRemoteConfig.m */,
			);
			path = RemoteConfig;
			sourceTree = "<group>";
		};
		0A6F86EA156E4E85007F2FC6 /* Utilities */ = {
			isa = PBXGroup;
			children = (
				0A6F8654156E3FDA007F2FC6 /* GVJSONUtilities.h */,
				0A6F8655156E3FDA007F2FC6 /* GVJSONUtilities.m */,
				0A6F8656156E3FDA007F2FC6 /* GVXMLReader.h */,
				0A6F8657156E3FDA007F2FC6 /* GVXMLReader.m */,
			);
			name = Utilities;
			sourceTree = "<group>";
		};
/* End PBXGroup section */

/* Begin PBXNativeTarget section */
		0A6F862A156E3F88007F2FC6 /* RemoteConfig Example */ = {
			isa = PBXNativeTarget;
			buildConfigurationList = 0A6F8649156E3F88007F2FC6 /* Build configuration list for PBXNativeTarget "RemoteConfig Example" */;
			buildPhases = (
				0A6F8627156E3F88007F2FC6 /* Sources */,
				0A6F8628156E3F88007F2FC6 /* Frameworks */,
				0A6F8629156E3F88007F2FC6 /* Resources */,
			);
			buildRules = (
			);
			dependencies = (
			);
			name = "RemoteConfig Example";
			productName = RemoteConfig;
			productReference = 0A6F862B156E3F88007F2FC6 /* RemoteConfig.app */;
			productType = "com.apple.product-type.application";
		};
/* End PBXNativeTarget section */

/* Begin PBXProject section */
		0A6F8622156E3F88007F2FC6 /* Project object */ = {
			isa = PBXProject;
			attributes = {
				LastUpgradeCheck = 0430;
				ORGANIZATIONNAME = Gangverk;
			};
			buildConfigurationList = 0A6F8625156E3F88007F2FC6 /* Build configuration list for PBXProject "RemoteConfig" */;
			compatibilityVersion = "Xcode 3.2";
			developmentRegion = English;
			hasScannedForEncodings = 0;
			knownRegions = (
				en,
			);
			mainGroup = 0A6F8620156E3F88007F2FC6;
			productRefGroup = 0A6F862C156E3F88007F2FC6 /* Products */;
			projectDirPath = "";
			projectRoot = "";
			targets = (
				0A6F862A156E3F88007F2FC6 /* RemoteConfig Example */,
			);
		};
/* End PBXProject section */

/* Begin PBXResourcesBuildPhase section */
		0A6F8629156E3F88007F2FC6 /* Resources */ = {
			isa = PBXResourcesBuildPhase;
			buildActionMask = 2147483647;
			files = (
				0A6F863A156E3F88007F2FC6 /* InfoPlist.strings in Resources */,
				0A6F8643156E3F88007F2FC6 /* MainStoryboard.storyboard in Resources */,
				0AC05DB51613124800D49E39 /* CHANGELOG in Resources */,
				0A7E5EF6161CD96A006AB45D /* Default-568h@2x.png in Resources */,
				0AB06E3B161DF7E200149057 /* Icon.png in Resources */,
				0AB06E3C161DF7E200149057 /* Icon@2x.png in Resources */,
			);
			runOnlyForDeploymentPostprocessing = 0;
		};
/* End PBXResourcesBuildPhase section */

/* Begin PBXSourcesBuildPhase section */
		0A6F8627156E3F88007F2FC6 /* Sources */ = {
			isa = PBXSourcesBuildPhase;
			buildActionMask = 2147483647;
			files = (
				0A6F863C156E3F88007F2FC6 /* main.m in Sources */,
				0A6F8640156E3F88007F2FC6 /* AppDelegate.m in Sources */,
				0A6F8646156E3F88007F2FC6 /* ViewController.m in Sources */,
				0A6F864E156E3FC1007F2FC6 /* Config.m in Sources */,
				0A6F865A156E3FDA007F2FC6 /* GVBaseRemoteConfig.m in Sources */,
				0A6F865B156E3FDA007F2FC6 /* GVJSONRemoteConfig.m in Sources */,
				0A6F865C156E3FDA007F2FC6 /* GVJSONUtilities.m in Sources */,
				0A6F865D156E3FDA007F2FC6 /* GVXMLReader.m in Sources */,
				0A6F865E156E3FDA007F2FC6 /* GVXMLRemoteConfig.m in Sources */,
				0A41A896160B81490082606D /* JSONKit.m in Sources */,
			);
			runOnlyForDeploymentPostprocessing = 0;
		};
/* End PBXSourcesBuildPhase section */

/* Begin PBXVariantGroup section */
		0A6F8638156E3F88007F2FC6 /* InfoPlist.strings */ = {
			isa = PBXVariantGroup;
			children = (
				0A6F8639156E3F88007F2FC6 /* en */,
			);
			name = InfoPlist.strings;
			sourceTree = "<group>";
		};
		0A6F8641156E3F88007F2FC6 /* MainStoryboard.storyboard */ = {
			isa = PBXVariantGroup;
			children = (
				0A6F8642156E3F88007F2FC6 /* en */,
			);
			name = MainStoryboard.storyboard;
			sourceTree = "<group>";
		};
/* End PBXVariantGroup section */

/* Begin XCBuildConfiguration section */
		0A6F8647156E3F88007F2FC6 /* Debug */ = {
			isa = XCBuildConfiguration;
			buildSettings = {
				ALWAYS_SEARCH_USER_PATHS = NO;
				ARCHS = "$(ARCHS_STANDARD_32_BIT)";
				CLANG_ENABLE_OBJC_ARC = YES;
				"CODE_SIGN_IDENTITY[sdk=iphoneos*]" = "iPhone Developer";
				COPY_PHASE_STRIP = NO;
				GCC_C_LANGUAGE_STANDARD = gnu99;
				GCC_DYNAMIC_NO_PIC = NO;
				GCC_OPTIMIZATION_LEVEL = 0;
				GCC_PREPROCESSOR_DEFINITIONS = (
					"DEBUG=1",
					"$(inherited)",
				);
				GCC_SYMBOLS_PRIVATE_EXTERN = NO;
				GCC_VERSION = com.apple.compilers.llvm.clang.1_0;
				GCC_WARN_ABOUT_RETURN_TYPE = YES;
				GCC_WARN_UNINITIALIZED_AUTOS = YES;
				GCC_WARN_UNUSED_VARIABLE = YES;
				IPHONEOS_DEPLOYMENT_TARGET = 5.1;
				SDKROOT = iphoneos;
			};
			name = Debug;
		};
		0A6F8648156E3F88007F2FC6 /* Release */ = {
			isa = XCBuildConfiguration;
			buildSettings = {
				ALWAYS_SEARCH_USER_PATHS = NO;
				ARCHS = "$(ARCHS_STANDARD_32_BIT)";
				CLANG_ENABLE_OBJC_ARC = YES;
				"CODE_SIGN_IDENTITY[sdk=iphoneos*]" = "iPhone Developer";
				COPY_PHASE_STRIP = YES;
				GCC_C_LANGUAGE_STANDARD = gnu99;
				GCC_VERSION = com.apple.compilers.llvm.clang.1_0;
				GCC_WARN_ABOUT_RETURN_TYPE = YES;
				GCC_WARN_UNINITIALIZED_AUTOS = YES;
				GCC_WARN_UNUSED_VARIABLE = YES;
				IPHONEOS_DEPLOYMENT_TARGET = 5.1;
				OTHER_CFLAGS = "-DNS_BLOCK_ASSERTIONS=1";
				SDKROOT = iphoneos;
				VALIDATE_PRODUCT = YES;
			};
			name = Release;
		};
		0A6F864A156E3F88007F2FC6 /* Debug */ = {
			isa = XCBuildConfiguration;
			buildSettings = {
				GCC_PRECOMPILE_PREFIX_HEADER = YES;
				GCC_PREFIX_HEADER = "Example/RemoteConfig-Prefix.pch";
				INFOPLIST_FILE = "Example/RemoteConfig-Info.plist";
				PRODUCT_NAME = "$(TARGET_NAME)";
				WRAPPER_EXTENSION = app;
			};
			name = Debug;
		};
		0A6F864B156E3F88007F2FC6 /* Release */ = {
			isa = XCBuildConfiguration;
			buildSettings = {
				GCC_PRECOMPILE_PREFIX_HEADER = YES;
				GCC_PREFIX_HEADER = "Example/RemoteConfig-Prefix.pch";
				INFOPLIST_FILE = "Example/RemoteConfig-Info.plist";
				PRODUCT_NAME = "$(TARGET_NAME)";
				WRAPPER_EXTENSION = app;
			};
			name = Release;
		};
/* End XCBuildConfiguration section */

/* Begin XCConfigurationList section */
		0A6F8625156E3F88007F2FC6 /* Build configuration list for PBXProject "RemoteConfig" */ = {
			isa = XCConfigurationList;
			buildConfigurations = (
				0A6F8647156E3F88007F2FC6 /* Debug */,
				0A6F8648156E3F88007F2FC6 /* Release */,
			);
			defaultConfigurationIsVisible = 0;
			defaultConfigurationName = Release;
		};
		0A6F8649156E3F88007F2FC6 /* Build configuration list for PBXNativeTarget "RemoteConfig Example" */ = {
			isa = XCConfigurationList;
			buildConfigurations = (
				0A6F864A156E3F88007F2FC6 /* Debug */,
				0A6F864B156E3F88007F2FC6 /* Release */,
			);
			defaultConfigurationIsVisible = 0;
			defaultConfigurationName = Release;
		};
/* End XCConfigurationList section */
	};
	rootObject = 0A6F8622156E3F88007F2FC6 /* Project object */;
}
